// !$*UTF8*$!
{
	archiveVersion = 1;
	classes = {
	};
	objectVersion = 46;
	objects = {

/* Begin PBXBuildFile section */
		6C1DA1F51ECB225800893E15 /* ToDoCell.swift in Sources */ = {isa = PBXBuildFile; fileRef = 6C1DA1F41ECB225800893E15 /* ToDoCell.swift */; };
		6C24774D1EC5C19B00179385 /* AppDelegate.swift in Sources */ = {isa = PBXBuildFile; fileRef = 6C24774C1EC5C19B00179385 /* AppDelegate.swift */; };
		6C24774F1EC5C19B00179385 /* MasterViewController.swift in Sources */ = {isa = PBXBuildFile; fileRef = 6C24774E1EC5C19B00179385 /* MasterViewController.swift */; };
		6C2477511EC5C19B00179385 /* DetailViewController.swift in Sources */ = {isa = PBXBuildFile; fileRef = 6C2477501EC5C19B00179385 /* DetailViewController.swift */; };
		6C2477541EC5C19B00179385 /* Main.storyboard in Resources */ = {isa = PBXBuildFile; fileRef = 6C2477521EC5C19B00179385 /* Main.storyboard */; };
		6C2477561EC5C19B00179385 /* Assets.xcassets in Resources */ = {isa = PBXBuildFile; fileRef = 6C2477551EC5C19B00179385 /* Assets.xcassets */; };
		6C2477591EC5C19B00179385 /* LaunchScreen.storyboard in Resources */ = {isa = PBXBuildFile; fileRef = 6C2477571EC5C19B00179385 /* LaunchScreen.storyboard */; };
		6C84B7731EC5C439000C5A23 /* TodoManager.swift in Sources */ = {isa = PBXBuildFile; fileRef = 6C84B7721EC5C439000C5A23 /* TodoManager.swift */; };
		6C84B78C1EC5C747000C5A23 /* SQLite.framework in Frameworks */ = {isa = PBXBuildFile; fileRef = 6C84B77F1EC5C73B000C5A23 /* SQLite.framework */; };
/* End PBXBuildFile section */

/* Begin PBXContainerItemProxy section */
		6C84B77E1EC5C73B000C5A23 /* PBXContainerItemProxy */ = {
			isa = PBXContainerItemProxy;
			containerPortal = 6C84B7741EC5C73B000C5A23 /* SQLite.xcodeproj */;
			proxyType = 2;
			remoteGlobalIDString = EE247AD31C3F04ED00AE3E12;
			remoteInfo = "SQLite iOS";
		};
		6C84B7801EC5C73B000C5A23 /* PBXContainerItemProxy */ = {
			isa = PBXContainerItemProxy;
			containerPortal = 6C84B7741EC5C73B000C5A23 /* SQLite.xcodeproj */;
			proxyType = 2;
			remoteGlobalIDString = EE247ADD1C3F04ED00AE3E12;
			remoteInfo = "SQLiteTests iOS";
		};
		6C84B7821EC5C73B000C5A23 /* PBXContainerItemProxy */ = {
			isa = PBXContainerItemProxy;
			containerPortal = 6C84B7741EC5C73B000C5A23 /* SQLite.xcodeproj */;
			proxyType = 2;
			remoteGlobalIDString = EE247B3C1C3F3ED000AE3E12;
			remoteInfo = "SQLite Mac";
		};
		6C84B7841EC5C73B000C5A23 /* PBXContainerItemProxy */ = {
			isa = PBXContainerItemProxy;
			containerPortal = 6C84B7741EC5C73B000C5A23 /* SQLite.xcodeproj */;
			proxyType = 2;
			remoteGlobalIDString = EE247B451C3F3ED000AE3E12;
			remoteInfo = "SQLiteTests Mac";
		};
		6C84B7861EC5C73B000C5A23 /* PBXContainerItemProxy */ = {
			isa = PBXContainerItemProxy;
			containerPortal = 6C84B7741EC5C73B000C5A23 /* SQLite.xcodeproj */;
			proxyType = 2;
			remoteGlobalIDString = 03A65E5A1C6BB0F50062603F;
			remoteInfo = "SQLite tvOS";
		};
		6C84B7881EC5C73B000C5A23 /* PBXContainerItemProxy */ = {
			isa = PBXContainerItemProxy;
			containerPortal = 6C84B7741EC5C73B000C5A23 /* SQLite.xcodeproj */;
			proxyType = 2;
			remoteGlobalIDString = 03A65E631C6BB0F60062603F;
			remoteInfo = "SQLiteTests tvOS";
		};
		6C84B78A1EC5C73B000C5A23 /* PBXContainerItemProxy */ = {
			isa = PBXContainerItemProxy;
			containerPortal = 6C84B7741EC5C73B000C5A23 /* SQLite.xcodeproj */;
			proxyType = 2;
			remoteGlobalIDString = A121AC451CA35C79005A31D1;
			remoteInfo = "SQLite watchOS";
		};
/* End PBXContainerItemProxy section */

/* Begin PBXFileReference section */
		6C1DA1F41ECB225800893E15 /* ToDoCell.swift */ = {isa = PBXFileReference; fileEncoding = 4; lastKnownFileType = sourcecode.swift; path = ToDoCell.swift; sourceTree = "<group>"; };
		6C2477491EC5C19B00179385 /* YamievanWijnbergen-pset5.app */ = {isa = PBXFileReference; explicitFileType = wrapper.application; includeInIndex = 0; path = "YamievanWijnbergen-pset5.app"; sourceTree = BUILT_PRODUCTS_DIR; };
		6C24774C1EC5C19B00179385 /* AppDelegate.swift */ = {isa = PBXFileReference; lastKnownFileType = sourcecode.swift; path = AppDelegate.swift; sourceTree = "<group>"; };
		6C24774E1EC5C19B00179385 /* MasterViewController.swift */ = {isa = PBXFileReference; lastKnownFileType = sourcecode.swift; path = MasterViewController.swift; sourceTree = "<group>"; };
		6C2477501EC5C19B00179385 /* DetailViewController.swift */ = {isa = PBXFileReference; lastKnownFileType = sourcecode.swift; path = DetailViewController.swift; sourceTree = "<group>"; };
		6C2477531EC5C19B00179385 /* Base */ = {isa = PBXFileReference; lastKnownFileType = file.storyboard; name = Base; path = Base.lproj/Main.storyboard; sourceTree = "<group>"; };
		6C2477551EC5C19B00179385 /* Assets.xcassets */ = {isa = PBXFileReference; lastKnownFileType = folder.assetcatalog; path = Assets.xcassets; sourceTree = "<group>"; };
		6C2477581EC5C19B00179385 /* Base */ = {isa = PBXFileReference; lastKnownFileType = file.storyboard; name = Base; path = Base.lproj/LaunchScreen.storyboard; sourceTree = "<group>"; };
		6C24775A1EC5C19B00179385 /* Info.plist */ = {isa = PBXFileReference; lastKnownFileType = text.plist.xml; path = Info.plist; sourceTree = "<group>"; };
		6C84B7721EC5C439000C5A23 /* TodoManager.swift */ = {isa = PBXFileReference; fileEncoding = 4; lastKnownFileType = sourcecode.swift; path = TodoManager.swift; sourceTree = "<group>"; };
		6C84B7741EC5C73B000C5A23 /* SQLite.xcodeproj */ = {isa = PBXFileReference; lastKnownFileType = "wrapper.pb-project"; name = SQLite.xcodeproj; path = "External/SQLite.swift-master/SQLite.xcodeproj"; sourceTree = "<group>"; };
/* End PBXFileReference section */

/* Begin PBXFrameworksBuildPhase section */
		6C2477461EC5C19B00179385 /* Frameworks */ = {
			isa = PBXFrameworksBuildPhase;
			buildActionMask = 2147483647;
			files = (
				6C84B78C1EC5C747000C5A23 /* SQLite.framework in Frameworks */,
			);
			runOnlyForDeploymentPostprocessing = 0;
		};
/* End PBXFrameworksBuildPhase section */

/* Begin PBXGroup section */
		6C2477401EC5C19A00179385 = {
			isa = PBXGroup;
			children = (
				6C24774B1EC5C19B00179385 /* YamievanWijnbergen-pset5 */,
				6C24774A1EC5C19B00179385 /* Products */,
			);
			sourceTree = "<group>";
		};
		6C24774A1EC5C19B00179385 /* Products */ = {
			isa = PBXGroup;
			children = (
				6C2477491EC5C19B00179385 /* YamievanWijnbergen-pset5.app */,
			);
			name = Products;
			sourceTree = "<group>";
		};
		6C24774B1EC5C19B00179385 /* YamievanWijnbergen-pset5 */ = {
			isa = PBXGroup;
			children = (
				6C84B7741EC5C73B000C5A23 /* SQLite.xcodeproj */,
				6C24774C1EC5C19B00179385 /* AppDelegate.swift */,
				6C1DA1F41ECB225800893E15 /* ToDoCell.swift */,
				6C24774E1EC5C19B00179385 /* MasterViewController.swift */,
				6C2477501EC5C19B00179385 /* DetailViewController.swift */,
				6C84B7721EC5C439000C5A23 /* TodoManager.swift */,
				6C2477521EC5C19B00179385 /* Main.storyboard */,
				6C2477551EC5C19B00179385 /* Assets.xcassets */,
				6C2477571EC5C19B00179385 /* LaunchScreen.storyboard */,
				6C24775A1EC5C19B00179385 /* Info.plist */,
			);
			path = "YamievanWijnbergen-pset5";
			sourceTree = "<group>";
		};
		6C84B7751EC5C73B000C5A23 /* Products */ = {
			isa = PBXGroup;
			children = (
				6C84B77F1EC5C73B000C5A23 /* SQLite.framework */,
				6C84B7811EC5C73B000C5A23 /* SQLiteTests iOS.xctest */,
				6C84B7831EC5C73B000C5A23 /* SQLite.framework */,
				6C84B7851EC5C73B000C5A23 /* SQLiteTests Mac.xctest */,
				6C84B7871EC5C73B000C5A23 /* SQLite.framework */,
				6C84B7891EC5C73B000C5A23 /* SQLiteTests tvOS.xctest */,
				6C84B78B1EC5C73B000C5A23 /* SQLite.framework */,
			);
			name = Products;
			sourceTree = "<group>";
		};
/* End PBXGroup section */

/* Begin PBXNativeTarget section */
		6C2477481EC5C19B00179385 /* YamievanWijnbergen-pset5 */ = {
			isa = PBXNativeTarget;
			buildConfigurationList = 6C24775D1EC5C19B00179385 /* Build configuration list for PBXNativeTarget "YamievanWijnbergen-pset5" */;
			buildPhases = (
				6C2477451EC5C19B00179385 /* Sources */,
				6C2477461EC5C19B00179385 /* Frameworks */,
				6C2477471EC5C19B00179385 /* Resources */,
			);
			buildRules = (
			);
			dependencies = (
			);
			name = "YamievanWijnbergen-pset5";
			productName = "YamievanWijnbergen-pset5";
			productReference = 6C2477491EC5C19B00179385 /* YamievanWijnbergen-pset5.app */;
			productType = "com.apple.product-type.application";
		};
/* End PBXNativeTarget section */

/* Begin PBXProject section */
		6C2477411EC5C19A00179385 /* Project object */ = {
			isa = PBXProject;
			attributes = {
				LastSwiftUpdateCheck = 0830;
				LastUpgradeCheck = 0830;
				ORGANIZATIONNAME = "Yamie van Wijnbergen";
				TargetAttributes = {
					6C2477481EC5C19B00179385 = {
						CreatedOnToolsVersion = 8.3;
						DevelopmentTeam = QSD9HXK8ZS;
						ProvisioningStyle = Automatic;
					};
				};
			};
			buildConfigurationList = 6C2477441EC5C19A00179385 /* Build configuration list for PBXProject "YamievanWijnbergen-pset5" */;
			compatibilityVersion = "Xcode 3.2";
			developmentRegion = English;
			hasScannedForEncodings = 0;
			knownRegions = (
				en,
				Base,
			);
			mainGroup = 6C2477401EC5C19A00179385;
			productRefGroup = 6C24774A1EC5C19B00179385 /* Products */;
			projectDirPath = "";
			projectReferences = (
				{
					ProductGroup = 6C84B7751EC5C73B000C5A23 /* Products */;
					ProjectRef = 6C84B7741EC5C73B000C5A23 /* SQLite.xcodeproj */;
				},
			);
			projectRoot = "";
			targets = (
				6C2477481EC5C19B00179385 /* YamievanWijnbergen-pset5 */,
			);
		};
/* End PBXProject section */

/* Begin PBXReferenceProxy section */
		6C84B77F1EC5C73B000C5A23 /* SQLite.framework */ = {
			isa = PBXReferenceProxy;
			fileType = wrapper.framework;
			path = SQLite.framework;
			remoteRef = 6C84B77E1EC5C73B000C5A23 /* PBXContainerItemProxy */;
			sourceTree = BUILT_PRODUCTS_DIR;
		};
		6C84B7811EC5C73B000C5A23 /* SQLiteTests iOS.xctest */ = {
			isa = PBXReferenceProxy;
			fileType = wrapper.cfbundle;
			path = "SQLiteTests iOS.xctest";
			remoteRef = 6C84B7801EC5C73B000C5A23 /* PBXContainerItemProxy */;
			sourceTree = BUILT_PRODUCTS_DIR;
		};
		6C84B7831EC5C73B000C5A23 /* SQLite.framework */ = {
			isa = PBXReferenceProxy;
			fileType = wrapper.framework;
			path = SQLite.framework;
			remoteRef = 6C84B7821EC5C73B000C5A23 /* PBXContainerItemProxy */;
			sourceTree = BUILT_PRODUCTS_DIR;
		};
		6C84B7851EC5C73B000C5A23 /* SQLiteTests Mac.xctest */ = {
			isa = PBXReferenceProxy;
			fileType = wrapper.cfbundle;
			path = "SQLiteTests Mac.xctest";
			remoteRef = 6C84B7841EC5C73B000C5A23 /* PBXContainerItemProxy */;
			sourceTree = BUILT_PRODUCTS_DIR;
		};
		6C84B7871EC5C73B000C5A23 /* SQLite.framework */ = {
			isa = PBXReferenceProxy;
			fileType = wrapper.framework;
			path = SQLite.framework;
			remoteRef = 6C84B7861EC5C73B000C5A23 /* PBXContainerItemProxy */;
			sourceTree = BUILT_PRODUCTS_DIR;
		};
		6C84B7891EC5C73B000C5A23 /* SQLiteTests tvOS.xctest */ = {
			isa = PBXReferenceProxy;
			fileType = wrapper.cfbundle;
			path = "SQLiteTests tvOS.xctest";
			remoteRef = 6C84B7881EC5C73B000C5A23 /* PBXContainerItemProxy */;
			sourceTree = BUILT_PRODUCTS_DIR;
		};
		6C84B78B1EC5C73B000C5A23 /* SQLite.framework */ = {
			isa = PBXReferenceProxy;
			fileType = wrapper.framework;
			path = SQLite.framework;
			remoteRef = 6C84B78A1EC5C73B000C5A23 /* PBXContainerItemProxy */;
			sourceTree = BUILT_PRODUCTS_DIR;
		};
/* End PBXReferenceProxy section */

/* Begin PBXResourcesBuildPhase section */
		6C2477471EC5C19B00179385 /* Resources */ = {
			isa = PBXResourcesBuildPhase;
			buildActionMask = 2147483647;
			files = (
				6C2477591EC5C19B00179385 /* LaunchScreen.storyboard in Resources */,
				6C2477561EC5C19B00179385 /* Assets.xcassets in Resources */,
				6C2477541EC5C19B00179385 /* Main.storyboard in Resources */,
			);
			runOnlyForDeploymentPostprocessing = 0;
		};
/* End PBXResourcesBuildPhase section */

/* Begin PBXSourcesBuildPhase section */
		6C2477451EC5C19B00179385 /* Sources */ = {
			isa = PBXSourcesBuildPhase;
			buildActionMask = 2147483647;
			files = (
				6C2477511EC5C19B00179385 /* DetailViewController.swift in Sources */,
				6C84B7731EC5C439000C5A23 /* TodoManager.swift in Sources */,
				6C24774F1EC5C19B00179385 /* MasterViewController.swift in Sources */,
				6C24774D1EC5C19B00179385 /* AppDelegate.swift in Sources */,
				6C1DA1F51ECB225800893E15 /* ToDoCell.swift in Sources */,
			);
			runOnlyForDeploymentPostprocessing = 0;
		};
/* End PBXSourcesBuildPhase section */

/* Begin PBXVariantGroup section */
		6C2477521EC5C19B00179385 /* Main.storyboard */ = {
			isa = PBXVariantGroup;
			children = (
				6C2477531EC5C19B00179385 /* Base */,
			);
			name = Main.storyboard;
			sourceTree = "<group>";
		};
		6C2477571EC5C19B00179385 /* LaunchScreen.storyboard */ = {
			isa = PBXVariantGroup;
			children = (
				6C2477581EC5C19B00179385 /* Base */,
			);
			name = LaunchScreen.storyboard;
			sourceTree = "<group>";
		};
/* End PBXVariantGroup section */

/* Begin XCBuildConfiguration section */
		6C24775B1EC5C19B00179385 /* Debug */ = {
			isa = XCBuildConfiguration;
			buildSettings = {
				ALWAYS_SEARCH_USER_PATHS = NO;
				CLANG_ANALYZER_NONNULL = YES;
				CLANG_ANALYZER_NUMBER_OBJECT_CONVERSION = YES_AGGRESSIVE;
				CLANG_CXX_LANGUAGE_STANDARD = "gnu++0x";
				CLANG_CXX_LIBRARY = "libc++";
				CLANG_ENABLE_MODULES = YES;
				CLANG_ENABLE_OBJC_ARC = YES;
				CLANG_WARN_BOOL_CONVERSION = YES;
				CLANG_WARN_CONSTANT_CONVERSION = YES;
				CLANG_WARN_DIRECT_OBJC_ISA_USAGE = YES_ERROR;
				CLANG_WARN_DOCUMENTATION_COMMENTS = YES;
				CLANG_WARN_EMPTY_BODY = YES;
				CLANG_WARN_ENUM_CONVERSION = YES;
				CLANG_WARN_INFINITE_RECURSION = YES;
				CLANG_WARN_INT_CONVERSION = YES;
				CLANG_WARN_OBJC_ROOT_CLASS = YES_ERROR;
				CLANG_WARN_SUSPICIOUS_MOVE = YES;
				CLANG_WARN_UNREACHABLE_CODE = YES;
				CLANG_WARN__DUPLICATE_METHOD_MATCH = YES;
				"CODE_SIGN_IDENTITY[sdk=iphoneos*]" = "iPhone Developer";
				COPY_PHASE_STRIP = NO;
				DEBUG_INFORMATION_FORMAT = dwarf;
				ENABLE_STRICT_OBJC_MSGSEND = YES;
				ENABLE_TESTABILITY = YES;
				GCC_C_LANGUAGE_STANDARD = gnu99;
				GCC_DYNAMIC_NO_PIC = NO;
				GCC_NO_COMMON_BLOCKS = YES;
				GCC_OPTIMIZATION_LEVEL = 0;
				GCC_PREPROCESSOR_DEFINITIONS = (
					"DEBUG=1",
					"$(inherited)",
				);
				GCC_WARN_64_TO_32_BIT_CONVERSION = YES;
				GCC_WARN_ABOUT_RETURN_TYPE = YES_ERROR;
				GCC_WARN_UNDECLARED_SELECTOR = YES;
				GCC_WARN_UNINITIALIZED_AUTOS = YES_AGGRESSIVE;
				GCC_WARN_UNUSED_FUNCTION = YES;
				GCC_WARN_UNUSED_VARIABLE = YES;
				IPHONEOS_DEPLOYMENT_TARGET = 10.3;
				MTL_ENABLE_DEBUG_INFO = YES;
				ONLY_ACTIVE_ARCH = YES;
				SDKROOT = iphoneos;
				SWIFT_ACTIVE_COMPILATION_CONDITIONS = DEBUG;
				SWIFT_OPTIMIZATION_LEVEL = "-Onone";
				TARGETED_DEVICE_FAMILY = "1,2";
			};
			name = Debug;
		};
		6C24775C1EC5C19B00179385 /* Release */ = {
			isa = XCBuildConfiguration;
			buildSettings = {
				ALWAYS_SEARCH_USER_PATHS = NO;
				CLANG_ANALYZER_NONNULL = YES;
				CLANG_ANALYZER_NUMBER_OBJECT_CONVERSION = YES_AGGRESSIVE;
				CLANG_CXX_LANGUAGE_STANDARD = "gnu++0x";
				CLANG_CXX_LIBRARY = "libc++";
				CLANG_ENABLE_MODULES = YES;
				CLANG_ENABLE_OBJC_ARC = YES;
				CLANG_WARN_BOOL_CONVERSION = YES;
				CLANG_WARN_CONSTANT_CONVERSION = YES;
				CLANG_WARN_DIRECT_OBJC_ISA_USAGE = YES_ERROR;
				CLANG_WARN_DOCUMENTATION_COMMENTS = YES;
				CLANG_WARN_EMPTY_BODY = YES;
				CLANG_WARN_ENUM_CONVERSION = YES;
				CLANG_WARN_INFINITE_RECURSION = YES;
				CLANG_WARN_INT_CONVERSION = YES;
				CLANG_WARN_OBJC_ROOT_CLASS = YES_ERROR;
				CLANG_WARN_SUSPICIOUS_MOVE = YES;
				CLANG_WARN_UNREACHABLE_CODE = YES;
				CLANG_WARN__DUPLICATE_METHOD_MATCH = YES;
				"CODE_SIGN_IDENTITY[sdk=iphoneos*]" = "iPhone Developer";
				COPY_PHASE_STRIP = NO;
				DEBUG_INFORMATION_FORMAT = "dwarf-with-dsym";
				ENABLE_NS_ASSERTIONS = NO;
				ENABLE_STRICT_OBJC_MSGSEND = YES;
				GCC_C_LANGUAGE_STANDARD = gnu99;
				GCC_NO_COMMON_BLOCKS = YES;
				GCC_WARN_64_TO_32_BIT_CONVERSION = YES;
				GCC_WARN_ABOUT_RETURN_TYPE = YES_ERROR;
				GCC_WARN_UNDECLARED_SELECTOR = YES;
				GCC_WARN_UNINITIALIZED_AUTOS = YES_AGGRESSIVE;
				GCC_WARN_UNUSED_FUNCTION = YES;
				GCC_WARN_UNUSED_VARIABLE = YES;
				IPHONEOS_DEPLOYMENT_TARGET = 10.3;
				MTL_ENABLE_DEBUG_INFO = NO;
				SDKROOT = iphoneos;
				SWIFT_OPTIMIZATION_LEVEL = "-Owholemodule";
				TARGETED_DEVICE_FAMILY = "1,2";
				VALIDATE_PRODUCT = YES;
			};
			name = Release;
		};
		6C24775E1EC5C19B00179385 /* Debug */ = {
			isa = XCBuildConfiguration;
			buildSettings = {
				ASSETCATALOG_COMPILER_APPICON_NAME = AppIcon;
				DEVELOPMENT_TEAM = QSD9HXK8ZS;
				INFOPLIST_FILE = "YamievanWijnbergen-pset5/Info.plist";
				LD_RUNPATH_SEARCH_PATHS = "$(inherited) @executable_path/Frameworks";
				PRODUCT_BUNDLE_IDENTIFIER = "nl.mprog.YamievanWijnbergen-pset5";
				PRODUCT_NAME = "$(TARGET_NAME)";
				SWIFT_VERSION = 3.0;
			};
			name = Debug;
		};
		6C24775F1EC5C19B00179385 /* Release */ = {
			isa = XCBuildConfiguration;
			buildSettings = {
				ASSETCATALOG_COMPILER_APPICON_NAME = AppIcon;
				DEVELOPMENT_TEAM = QSD9HXK8ZS;
				INFOPLIST_FILE = "YamievanWijnbergen-pset5/Info.plist";
				LD_RUNPATH_SEARCH_PATHS = "$(inherited) @executable_path/Frameworks";
				PRODUCT_BUNDLE_IDENTIFIER = "nl.mprog.YamievanWijnbergen-pset5";
				PRODUCT_NAME = "$(TARGET_NAME)";
				SWIFT_VERSION = 3.0;
			};
			name = Release;
		};
/* End XCBuildConfiguration section */

/* Begin XCConfigurationList section */
		6C2477441EC5C19A00179385 /* Build configuration list for PBXProject "YamievanWijnbergen-pset5" */ = {
			isa = XCConfigurationList;
			buildConfigurations = (
				6C24775B1EC5C19B00179385 /* Debug */,
				6C24775C1EC5C19B00179385 /* Release */,
			);
			defaultConfigurationIsVisible = 0;
			defaultConfigurationName = Release;
		};
		6C24775D1EC5C19B00179385 /* Build configuration list for PBXNativeTarget "YamievanWijnbergen-pset5" */ = {
			isa = XCConfigurationList;
			buildConfigurations = (
				6C24775E1EC5C19B00179385 /* Debug */,
				6C24775F1EC5C19B00179385 /* Release */,
			);
			defaultConfigurationIsVisible = 0;
			defaultConfigurationName = Release;
		};
/* End XCConfigurationList section */
	};
	rootObject = 6C2477411EC5C19A00179385 /* Project object */;
}
